// !$*UTF8*$!
{
	archiveVersion = 1;
	classes = {
	};
	objectVersion = 56;
	objects = {

/* Begin PBXBuildFile section */
		1807E9942B52655C00F06827 /* CinigryEliteApp.swift in Sources */ = {isa = PBXBuildFile; fileRef = 1807E9932B52655C00F06827 /* CinigryEliteApp.swift */; };
		1807E9982B52655D00F06827 /* Assets.xcassets in Resources */ = {isa = PBXBuildFile; fileRef = 1807E9972B52655D00F06827 /* Assets.xcassets */; };
		1807E99B2B52655D00F06827 /* Preview Assets.xcassets in Resources */ = {isa = PBXBuildFile; fileRef = 1807E99A2B52655D00F06827 /* Preview Assets.xcassets */; };
		1807E9A22B526A2D00F06827 /* LandingPage.swift in Sources */ = {isa = PBXBuildFile; fileRef = 1807E9A12B526A2D00F06827 /* LandingPage.swift */; };
		1807E9A52B526F5500F06827 /* LandingTitle.swift in Sources */ = {isa = PBXBuildFile; fileRef = 1807E9A42B526F5500F06827 /* LandingTitle.swift */; };
		1807E9A72B52708900F06827 /* LandingPoints.swift in Sources */ = {isa = PBXBuildFile; fileRef = 1807E9A62B52708900F06827 /* LandingPoints.swift */; };
		1807E9AC2B5270CC00F06827 /* LandingModel.swift in Sources */ = {isa = PBXBuildFile; fileRef = 1807E9AB2B5270CC00F06827 /* LandingModel.swift */; };
		1807E9AE2B52724B00F06827 /* LandingPoint.swift in Sources */ = {isa = PBXBuildFile; fileRef = 1807E9AD2B52724B00F06827 /* LandingPoint.swift */; };
		1807E9B12B5278F900F06827 /* UIColor+Extension.swift in Sources */ = {isa = PBXBuildFile; fileRef = 1807E9B02B5278F900F06827 /* UIColor+Extension.swift */; };
		1807E9B42B527D7C00F06827 /* PrimaryButton.swift in Sources */ = {isa = PBXBuildFile; fileRef = 1807E9B32B527D7C00F06827 /* PrimaryButton.swift */; };
		1807E9B62B5280D200F06827 /* LandingButtons.swift in Sources */ = {isa = PBXBuildFile; fileRef = 1807E9B52B5280D200F06827 /* LandingButtons.swift */; };
		1807E9B82B5284D200F06827 /* AppGlobalModel.swift in Sources */ = {isa = PBXBuildFile; fileRef = 1807E9B72B5284D200F06827 /* AppGlobalModel.swift */; };
		1807E9BA2B5287C600F06827 /* LandingViewModel.swift in Sources */ = {isa = PBXBuildFile; fileRef = 1807E9B92B5287C600F06827 /* LandingViewModel.swift */; };
		1807E9C12B528B3A00F06827 /* SignInPage.swift in Sources */ = {isa = PBXBuildFile; fileRef = 1807E9C02B528B3A00F06827 /* SignInPage.swift */; };
		1807E9C32B528D1100F06827 /* SignUpPage.swift in Sources */ = {isa = PBXBuildFile; fileRef = 1807E9C22B528D1100F06827 /* SignUpPage.swift */; };
		1807E9C52B528D4500F06827 /* MoviesLanding.swift in Sources */ = {isa = PBXBuildFile; fileRef = 1807E9C42B528D4500F06827 /* MoviesLanding.swift */; };
		1807E9C72B52906F00F06827 /* MoviesHeading.swift in Sources */ = {isa = PBXBuildFile; fileRef = 1807E9C62B52906F00F06827 /* MoviesHeading.swift */; };
		1807E9C92B52983E00F06827 /* MoviesGrid.swift in Sources */ = {isa = PBXBuildFile; fileRef = 1807E9C82B52983E00F06827 /* MoviesGrid.swift */; };
		1807E9CB2B52D10700F06827 /* MoviesListModel.swift in Sources */ = {isa = PBXBuildFile; fileRef = 1807E9CA2B52D10700F06827 /* MoviesListModel.swift */; };
		1807E9CD2B52D5CC00F06827 /* MoviesViewModel.swift in Sources */ = {isa = PBXBuildFile; fileRef = 1807E9CC2B52D5CC00F06827 /* MoviesViewModel.swift */; };
		1807E9CF2B52D76A00F06827 /* MovieGridCell.swift in Sources */ = {isa = PBXBuildFile; fileRef = 1807E9CE2B52D76A00F06827 /* MovieGridCell.swift */; };
		1807E9D22B52DEEA00F06827 /* CinigryRemoteImage.swift in Sources */ = {isa = PBXBuildFile; fileRef = 1807E9D12B52DEEA00F06827 /* CinigryRemoteImage.swift */; };
		1807E9D52B52DFD900F06827 /* APIEnvironment.swift in Sources */ = {isa = PBXBuildFile; fileRef = 1807E9D42B52DFD900F06827 /* APIEnvironment.swift */; };
		1807E9D72B52E06900F06827 /* APIPath.swift in Sources */ = {isa = PBXBuildFile; fileRef = 1807E9D62B52E06900F06827 /* APIPath.swift */; };
		1807E9D92B52E13000F06827 /* APIHandler.swift in Sources */ = {isa = PBXBuildFile; fileRef = 1807E9D82B52E13000F06827 /* APIHandler.swift */; };
		1807E9DB2B52E16A00F06827 /* MultipartFormDataRequest.swift in Sources */ = {isa = PBXBuildFile; fileRef = 1807E9DA2B52E16A00F06827 /* MultipartFormDataRequest.swift */; };
		1807E9DD2B52E1A400F06827 /* RequestHandler+Extension.swift in Sources */ = {isa = PBXBuildFile; fileRef = 1807E9DC2B52E1A400F06827 /* RequestHandler+Extension.swift */; };
		1807E9DF2B52E21A00F06827 /* ResponseHandler+Extension.swift in Sources */ = {isa = PBXBuildFile; fileRef = 1807E9DE2B52E21A00F06827 /* ResponseHandler+Extension.swift */; };
		1807E9E12B52E2CA00F06827 /* APILoader.swift in Sources */ = {isa = PBXBuildFile; fileRef = 1807E9E02B52E2CA00F06827 /* APILoader.swift */; };
		1807E9E42B53899500F06827 /* MoviesRequest.swift in Sources */ = {isa = PBXBuildFile; fileRef = 1807E9E32B53899500F06827 /* MoviesRequest.swift */; };
		1807E9E62B538A0600F06827 /* MoviesApi.swift in Sources */ = {isa = PBXBuildFile; fileRef = 1807E9E52B538A0600F06827 /* MoviesApi.swift */; };
/* End PBXBuildFile section */

/* Begin PBXFileReference section */
		1807E9902B52655C00F06827 /* CinigryElite.app */ = {isa = PBXFileReference; explicitFileType = wrapper.application; includeInIndex = 0; path = CinigryElite.app; sourceTree = BUILT_PRODUCTS_DIR; };
		1807E9932B52655C00F06827 /* CinigryEliteApp.swift */ = {isa = PBXFileReference; lastKnownFileType = sourcecode.swift; path = CinigryEliteApp.swift; sourceTree = "<group>"; };
		1807E9972B52655D00F06827 /* Assets.xcassets */ = {isa = PBXFileReference; lastKnownFileType = folder.assetcatalog; path = Assets.xcassets; sourceTree = "<group>"; };
		1807E99A2B52655D00F06827 /* Preview Assets.xcassets */ = {isa = PBXFileReference; lastKnownFileType = folder.assetcatalog; path = "Preview Assets.xcassets"; sourceTree = "<group>"; };
		1807E9A12B526A2D00F06827 /* LandingPage.swift */ = {isa = PBXFileReference; lastKnownFileType = sourcecode.swift; path = LandingPage.swift; sourceTree = "<group>"; };
		1807E9A42B526F5500F06827 /* LandingTitle.swift */ = {isa = PBXFileReference; lastKnownFileType = sourcecode.swift; path = LandingTitle.swift; sourceTree = "<group>"; };
		1807E9A62B52708900F06827 /* LandingPoints.swift */ = {isa = PBXFileReference; lastKnownFileType = sourcecode.swift; path = LandingPoints.swift; sourceTree = "<group>"; };
		1807E9AB2B5270CC00F06827 /* LandingModel.swift */ = {isa = PBXFileReference; lastKnownFileType = sourcecode.swift; path = LandingModel.swift; sourceTree = "<group>"; };
		1807E9AD2B52724B00F06827 /* LandingPoint.swift */ = {isa = PBXFileReference; lastKnownFileType = sourcecode.swift; path = LandingPoint.swift; sourceTree = "<group>"; };
		1807E9B02B5278F900F06827 /* UIColor+Extension.swift */ = {isa = PBXFileReference; lastKnownFileType = sourcecode.swift; path = "UIColor+Extension.swift"; sourceTree = "<group>"; };
		1807E9B32B527D7C00F06827 /* PrimaryButton.swift */ = {isa = PBXFileReference; lastKnownFileType = sourcecode.swift; path = PrimaryButton.swift; sourceTree = "<group>"; };
		1807E9B52B5280D200F06827 /* LandingButtons.swift */ = {isa = PBXFileReference; lastKnownFileType = sourcecode.swift; path = LandingButtons.swift; sourceTree = "<group>"; };
		1807E9B72B5284D200F06827 /* AppGlobalModel.swift */ = {isa = PBXFileReference; lastKnownFileType = sourcecode.swift; path = AppGlobalModel.swift; sourceTree = "<group>"; };
		1807E9B92B5287C600F06827 /* LandingViewModel.swift */ = {isa = PBXFileReference; lastKnownFileType = sourcecode.swift; path = LandingViewModel.swift; sourceTree = "<group>"; };
		1807E9C02B528B3A00F06827 /* SignInPage.swift */ = {isa = PBXFileReference; lastKnownFileType = sourcecode.swift; path = SignInPage.swift; sourceTree = "<group>"; };
		1807E9C22B528D1100F06827 /* SignUpPage.swift */ = {isa = PBXFileReference; lastKnownFileType = sourcecode.swift; path = SignUpPage.swift; sourceTree = "<group>"; };
		1807E9C42B528D4500F06827 /* MoviesLanding.swift */ = {isa = PBXFileReference; lastKnownFileType = sourcecode.swift; path = MoviesLanding.swift; sourceTree = "<group>"; };
		1807E9C62B52906F00F06827 /* MoviesHeading.swift */ = {isa = PBXFileReference; lastKnownFileType = sourcecode.swift; path = MoviesHeading.swift; sourceTree = "<group>"; };
		1807E9C82B52983E00F06827 /* MoviesGrid.swift */ = {isa = PBXFileReference; lastKnownFileType = sourcecode.swift; path = MoviesGrid.swift; sourceTree = "<group>"; };
		1807E9CA2B52D10700F06827 /* MoviesListModel.swift */ = {isa = PBXFileReference; lastKnownFileType = sourcecode.swift; path = MoviesListModel.swift; sourceTree = "<group>"; };
		1807E9CC2B52D5CC00F06827 /* MoviesViewModel.swift */ = {isa = PBXFileReference; lastKnownFileType = sourcecode.swift; path = MoviesViewModel.swift; sourceTree = "<group>"; };
		1807E9CE2B52D76A00F06827 /* MovieGridCell.swift */ = {isa = PBXFileReference; lastKnownFileType = sourcecode.swift; path = MovieGridCell.swift; sourceTree = "<group>"; };
		1807E9D12B52DEEA00F06827 /* CinigryRemoteImage.swift */ = {isa = PBXFileReference; lastKnownFileType = sourcecode.swift; path = CinigryRemoteImage.swift; sourceTree = "<group>"; };
		1807E9D42B52DFD900F06827 /* APIEnvironment.swift */ = {isa = PBXFileReference; lastKnownFileType = sourcecode.swift; path = APIEnvironment.swift; sourceTree = "<group>"; };
		1807E9D62B52E06900F06827 /* APIPath.swift */ = {isa = PBXFileReference; lastKnownFileType = sourcecode.swift; path = APIPath.swift; sourceTree = "<group>"; };
		1807E9D82B52E13000F06827 /* APIHandler.swift */ = {isa = PBXFileReference; lastKnownFileType = sourcecode.swift; path = APIHandler.swift; sourceTree = "<group>"; };
		1807E9DA2B52E16A00F06827 /* MultipartFormDataRequest.swift */ = {isa = PBXFileReference; lastKnownFileType = sourcecode.swift; path = MultipartFormDataRequest.swift; sourceTree = "<group>"; };
		1807E9DC2B52E1A400F06827 /* RequestHandler+Extension.swift */ = {isa = PBXFileReference; lastKnownFileType = sourcecode.swift; path = "RequestHandler+Extension.swift"; sourceTree = "<group>"; };
		1807E9DE2B52E21A00F06827 /* ResponseHandler+Extension.swift */ = {isa = PBXFileReference; lastKnownFileType = sourcecode.swift; path = "ResponseHandler+Extension.swift"; sourceTree = "<group>"; };
		1807E9E02B52E2CA00F06827 /* APILoader.swift */ = {isa = PBXFileReference; lastKnownFileType = sourcecode.swift; path = APILoader.swift; sourceTree = "<group>"; };
		1807E9E32B53899500F06827 /* MoviesRequest.swift */ = {isa = PBXFileReference; lastKnownFileType = sourcecode.swift; path = MoviesRequest.swift; sourceTree = "<group>"; };
		1807E9E52B538A0600F06827 /* MoviesApi.swift */ = {isa = PBXFileReference; lastKnownFileType = sourcecode.swift; path = MoviesApi.swift; sourceTree = "<group>"; };
/* End PBXFileReference section */

/* Begin PBXFrameworksBuildPhase section */
		1807E98D2B52655C00F06827 /* Frameworks */ = {
			isa = PBXFrameworksBuildPhase;
			buildActionMask = 2147483647;
			files = (
			);
			runOnlyForDeploymentPostprocessing = 0;
		};
/* End PBXFrameworksBuildPhase section */

/* Begin PBXGroup section */
		1807E9872B52655B00F06827 = {
			isa = PBXGroup;
			children = (
				1807E9922B52655C00F06827 /* CinigryElite */,
				1807E9912B52655C00F06827 /* Products */,
			);
			sourceTree = "<group>";
		};
		1807E9912B52655C00F06827 /* Products */ = {
			isa = PBXGroup;
			children = (
				1807E9902B52655C00F06827 /* CinigryElite.app */,
			);
			name = Products;
			sourceTree = "<group>";
		};
		1807E9922B52655C00F06827 /* CinigryElite */ = {
			isa = PBXGroup;
			children = (
				1807E9932B52655C00F06827 /* CinigryEliteApp.swift */,
				1807E9D32B52DFA000F06827 /* Networking */,
				1807E9D02B52DEC200F06827 /* Utilities */,
				1807E9B22B527D6A00F06827 /* Styles */,
				1807E9AF2B5278CC00F06827 /* Extensions */,
				1807E9AA2B5270BF00F06827 /* Models */,
				1807E9A32B526F3F00F06827 /* LandingPage */,
				1807E9BB2B528AE800F06827 /* SignIn */,
				1807E9BC2B528AFF00F06827 /* SignUp */,
				1807E9BD2B528B0500F06827 /* Movieslanding */,
				1807E9972B52655D00F06827 /* Assets.xcassets */,
				1807E9992B52655D00F06827 /* Preview Content */,
			);
			path = CinigryElite;
			sourceTree = "<group>";
		};
		1807E9992B52655D00F06827 /* Preview Content */ = {
			isa = PBXGroup;
			children = (
				1807E99A2B52655D00F06827 /* Preview Assets.xcassets */,
			);
			path = "Preview Content";
			sourceTree = "<group>";
		};
		1807E9A32B526F3F00F06827 /* LandingPage */ = {
			isa = PBXGroup;
			children = (
				1807E9B92B5287C600F06827 /* LandingViewModel.swift */,
				1807E9A12B526A2D00F06827 /* LandingPage.swift */,
				1807E9A42B526F5500F06827 /* LandingTitle.swift */,
				1807E9AD2B52724B00F06827 /* LandingPoint.swift */,
				1807E9A62B52708900F06827 /* LandingPoints.swift */,
				1807E9B52B5280D200F06827 /* LandingButtons.swift */,
			);
			path = LandingPage;
			sourceTree = "<group>";
		};
		1807E9AA2B5270BF00F06827 /* Models */ = {
			isa = PBXGroup;
			children = (
				1807E9B72B5284D200F06827 /* AppGlobalModel.swift */,
				1807E9AB2B5270CC00F06827 /* LandingModel.swift */,
				1807E9CA2B52D10700F06827 /* MoviesListModel.swift */,
			);
			path = Models;
			sourceTree = "<group>";
		};
		1807E9AF2B5278CC00F06827 /* Extensions */ = {
			isa = PBXGroup;
			children = (
				1807E9B02B5278F900F06827 /* UIColor+Extension.swift */,
			);
			path = Extensions;
			sourceTree = "<group>";
		};
		1807E9B22B527D6A00F06827 /* Styles */ = {
			isa = PBXGroup;
			children = (
				1807E9B32B527D7C00F06827 /* PrimaryButton.swift */,
			);
			path = Styles;
			sourceTree = "<group>";
		};
		1807E9BB2B528AE800F06827 /* SignIn */ = {
			isa = PBXGroup;
			children = (
				1807E9C02B528B3A00F06827 /* SignInPage.swift */,
			);
			path = SignIn;
			sourceTree = "<group>";
		};
		1807E9BC2B528AFF00F06827 /* SignUp */ = {
			isa = PBXGroup;
			children = (
				1807E9C22B528D1100F06827 /* SignUpPage.swift */,
			);
			path = SignUp;
			sourceTree = "<group>";
		};
		1807E9BD2B528B0500F06827 /* Movieslanding */ = {
			isa = PBXGroup;
			children = (
				1807E9CC2B52D5CC00F06827 /* MoviesViewModel.swift */,
				1807E9C42B528D4500F06827 /* MoviesLanding.swift */,
				1807E9C62B52906F00F06827 /* MoviesHeading.swift */,
				1807E9C82B52983E00F06827 /* MoviesGrid.swift */,
				1807E9CE2B52D76A00F06827 /* MovieGridCell.swift */,
			);
			path = Movieslanding;
			sourceTree = "<group>";
		};
		1807E9D02B52DEC200F06827 /* Utilities */ = {
			isa = PBXGroup;
			children = (
				1807E9D12B52DEEA00F06827 /* CinigryRemoteImage.swift */,
			);
			path = Utilities;
			sourceTree = "<group>";
		};
		1807E9D32B52DFA000F06827 /* Networking */ = {
			isa = PBXGroup;
			children = (
				1807E9E22B53896200F06827 /* Movies */,
				1807E9D42B52DFD900F06827 /* APIEnvironment.swift */,
				1807E9D62B52E06900F06827 /* APIPath.swift */,
				1807E9D82B52E13000F06827 /* APIHandler.swift */,
				1807E9DA2B52E16A00F06827 /* MultipartFormDataRequest.swift */,
				1807E9DC2B52E1A400F06827 /* RequestHandler+Extension.swift */,
				1807E9DE2B52E21A00F06827 /* ResponseHandler+Extension.swift */,
				1807E9E02B52E2CA00F06827 /* APILoader.swift */,
			);
			path = Networking;
			sourceTree = "<group>";
		};
		1807E9E22B53896200F06827 /* Movies */ = {
			isa = PBXGroup;
			children = (
				1807E9E32B53899500F06827 /* MoviesRequest.swift */,
				1807E9E52B538A0600F06827 /* MoviesApi.swift */,
			);
			path = Movies;
			sourceTree = "<group>";
		};
/* End PBXGroup section */

/* Begin PBXNativeTarget section */
		1807E98F2B52655C00F06827 /* CinigryElite */ = {
			isa = PBXNativeTarget;
			buildConfigurationList = 1807E99E2B52655D00F06827 /* Build configuration list for PBXNativeTarget "CinigryElite" */;
			buildPhases = (
				1807E98C2B52655C00F06827 /* Sources */,
				1807E98D2B52655C00F06827 /* Frameworks */,
				1807E98E2B52655C00F06827 /* Resources */,
			);
			buildRules = (
			);
			dependencies = (
			);
			name = CinigryElite;
			productName = CinigryElite;
			productReference = 1807E9902B52655C00F06827 /* CinigryElite.app */;
			productType = "com.apple.product-type.application";
		};
/* End PBXNativeTarget section */

/* Begin PBXProject section */
		1807E9882B52655B00F06827 /* Project object */ = {
			isa = PBXProject;
			attributes = {
				BuildIndependentTargetsInParallel = 1;
				LastSwiftUpdateCheck = 1500;
				LastUpgradeCheck = 1500;
				TargetAttributes = {
					1807E98F2B52655C00F06827 = {
						CreatedOnToolsVersion = 15.0.1;
					};
				};
			};
			buildConfigurationList = 1807E98B2B52655B00F06827 /* Build configuration list for PBXProject "CinigryElite" */;
			compatibilityVersion = "Xcode 14.0";
			developmentRegion = en;
			hasScannedForEncodings = 0;
			knownRegions = (
				en,
				Base,
			);
			mainGroup = 1807E9872B52655B00F06827;
			productRefGroup = 1807E9912B52655C00F06827 /* Products */;
			projectDirPath = "";
			projectRoot = "";
			targets = (
				1807E98F2B52655C00F06827 /* CinigryElite */,
			);
		};
/* End PBXProject section */

/* Begin PBXResourcesBuildPhase section */
		1807E98E2B52655C00F06827 /* Resources */ = {
			isa = PBXResourcesBuildPhase;
			buildActionMask = 2147483647;
			files = (
				1807E99B2B52655D00F06827 /* Preview Assets.xcassets in Resources */,
				1807E9982B52655D00F06827 /* Assets.xcassets in Resources */,
			);
			runOnlyForDeploymentPostprocessing = 0;
		};
/* End PBXResourcesBuildPhase section */

/* Begin PBXSourcesBuildPhase section */
		1807E98C2B52655C00F06827 /* Sources */ = {
			isa = PBXSourcesBuildPhase;
			buildActionMask = 2147483647;
			files = (
				1807E9CF2B52D76A00F06827 /* MovieGridCell.swift in Sources */,
				1807E9C72B52906F00F06827 /* MoviesHeading.swift in Sources */,
				1807E9E42B53899500F06827 /* MoviesRequest.swift in Sources */,
				1807E9DB2B52E16A00F06827 /* MultipartFormDataRequest.swift in Sources */,
				1807E9D52B52DFD900F06827 /* APIEnvironment.swift in Sources */,
				1807E9C32B528D1100F06827 /* SignUpPage.swift in Sources */,
				1807E9D22B52DEEA00F06827 /* CinigryRemoteImage.swift in Sources */,
				1807E9CB2B52D10700F06827 /* MoviesListModel.swift in Sources */,
				1807E9B12B5278F900F06827 /* UIColor+Extension.swift in Sources */,
				1807E9A72B52708900F06827 /* LandingPoints.swift in Sources */,
				1807E9942B52655C00F06827 /* CinigryEliteApp.swift in Sources */,
				1807E9D72B52E06900F06827 /* APIPath.swift in Sources */,
				1807E9DF2B52E21A00F06827 /* ResponseHandler+Extension.swift in Sources */,
				1807E9DD2B52E1A400F06827 /* RequestHandler+Extension.swift in Sources */,
				1807E9A52B526F5500F06827 /* LandingTitle.swift in Sources */,
				1807E9A22B526A2D00F06827 /* LandingPage.swift in Sources */,
				1807E9AE2B52724B00F06827 /* LandingPoint.swift in Sources */,
				1807E9C92B52983E00F06827 /* MoviesGrid.swift in Sources */,
				1807E9E62B538A0600F06827 /* MoviesApi.swift in Sources */,
				1807E9D92B52E13000F06827 /* APIHandler.swift in Sources */,
				1807E9BA2B5287C600F06827 /* LandingViewModel.swift in Sources */,
				1807E9B82B5284D200F06827 /* AppGlobalModel.swift in Sources */,
				1807E9E12B52E2CA00F06827 /* APILoader.swift in Sources */,
				1807E9C12B528B3A00F06827 /* SignInPage.swift in Sources */,
				1807E9CD2B52D5CC00F06827 /* MoviesViewModel.swift in Sources */,
				1807E9B62B5280D200F06827 /* LandingButtons.swift in Sources */,
				1807E9B42B527D7C00F06827 /* PrimaryButton.swift in Sources */,
				1807E9AC2B5270CC00F06827 /* LandingModel.swift in Sources */,
				1807E9C52B528D4500F06827 /* MoviesLanding.swift in Sources */,
			);
			runOnlyForDeploymentPostprocessing = 0;
		};
/* End PBXSourcesBuildPhase section */

/* Begin XCBuildConfiguration section */
		1807E99C2B52655D00F06827 /* Debug */ = {
			isa = XCBuildConfiguration;
			buildSettings = {
				ALWAYS_SEARCH_USER_PATHS = NO;
				ASSETCATALOG_COMPILER_GENERATE_SWIFT_ASSET_SYMBOL_EXTENSIONS = YES;
				CLANG_ANALYZER_NONNULL = YES;
				CLANG_ANALYZER_NUMBER_OBJECT_CONVERSION = YES_AGGRESSIVE;
				CLANG_CXX_LANGUAGE_STANDARD = "gnu++20";
				CLANG_ENABLE_MODULES = YES;
				CLANG_ENABLE_OBJC_ARC = YES;
				CLANG_ENABLE_OBJC_WEAK = YES;
				CLANG_WARN_BLOCK_CAPTURE_AUTORELEASING = YES;
				CLANG_WARN_BOOL_CONVERSION = YES;
				CLANG_WARN_COMMA = YES;
				CLANG_WARN_CONSTANT_CONVERSION = YES;
				CLANG_WARN_DEPRECATED_OBJC_IMPLEMENTATIONS = YES;
				CLANG_WARN_DIRECT_OBJC_ISA_USAGE = YES_ERROR;
				CLANG_WARN_DOCUMENTATION_COMMENTS = YES;
				CLANG_WARN_EMPTY_BODY = YES;
				CLANG_WARN_ENUM_CONVERSION = YES;
				CLANG_WARN_INFINITE_RECURSION = YES;
				CLANG_WARN_INT_CONVERSION = YES;
				CLANG_WARN_NON_LITERAL_NULL_CONVERSION = YES;
				CLANG_WARN_OBJC_IMPLICIT_RETAIN_SELF = YES;
				CLANG_WARN_OBJC_LITERAL_CONVERSION = YES;
				CLANG_WARN_OBJC_ROOT_CLASS = YES_ERROR;
				CLANG_WARN_QUOTED_INCLUDE_IN_FRAMEWORK_HEADER = YES;
				CLANG_WARN_RANGE_LOOP_ANALYSIS = YES;
				CLANG_WARN_STRICT_PROTOTYPES = YES;
				CLANG_WARN_SUSPICIOUS_MOVE = YES;
				CLANG_WARN_UNGUARDED_AVAILABILITY = YES_AGGRESSIVE;
				CLANG_WARN_UNREACHABLE_CODE = YES;
				CLANG_WARN__DUPLICATE_METHOD_MATCH = YES;
				COPY_PHASE_STRIP = NO;
				DEBUG_INFORMATION_FORMAT = dwarf;
				ENABLE_STRICT_OBJC_MSGSEND = YES;
				ENABLE_TESTABILITY = YES;
				ENABLE_USER_SCRIPT_SANDBOXING = YES;
				GCC_C_LANGUAGE_STANDARD = gnu17;
				GCC_DYNAMIC_NO_PIC = NO;
				GCC_NO_COMMON_BLOCKS = YES;
				GCC_OPTIMIZATION_LEVEL = 0;
				GCC_PREPROCESSOR_DEFINITIONS = (
					"DEBUG=1",
					"$(inherited)",
				);
				GCC_WARN_64_TO_32_BIT_CONVERSION = YES;
				GCC_WARN_ABOUT_RETURN_TYPE = YES_ERROR;
				GCC_WARN_UNDECLARED_SELECTOR = YES;
				GCC_WARN_UNINITIALIZED_AUTOS = YES_AGGRESSIVE;
				GCC_WARN_UNUSED_FUNCTION = YES;
				GCC_WARN_UNUSED_VARIABLE = YES;
				IPHONEOS_DEPLOYMENT_TARGET = 17.0;
				LOCALIZATION_PREFERS_STRING_CATALOGS = YES;
				MTL_ENABLE_DEBUG_INFO = INCLUDE_SOURCE;
				MTL_FAST_MATH = YES;
				ONLY_ACTIVE_ARCH = YES;
				SDKROOT = iphoneos;
				SWIFT_ACTIVE_COMPILATION_CONDITIONS = "DEBUG $(inherited)";
				SWIFT_OPTIMIZATION_LEVEL = "-Onone";
			};
			name = Debug;
		};
		1807E99D2B52655D00F06827 /* Release */ = {
			isa = XCBuildConfiguration;
			buildSettings = {
				ALWAYS_SEARCH_USER_PATHS = NO;
				ASSETCATALOG_COMPILER_GENERATE_SWIFT_ASSET_SYMBOL_EXTENSIONS = YES;
				CLANG_ANALYZER_NONNULL = YES;
				CLANG_ANALYZER_NUMBER_OBJECT_CONVERSION = YES_AGGRESSIVE;
				CLANG_CXX_LANGUAGE_STANDARD = "gnu++20";
				CLANG_ENABLE_MODULES = YES;
				CLANG_ENABLE_OBJC_ARC = YES;
				CLANG_ENABLE_OBJC_WEAK = YES;
				CLANG_WARN_BLOCK_CAPTURE_AUTORELEASING = YES;
				CLANG_WARN_BOOL_CONVERSION = YES;
				CLANG_WARN_COMMA = YES;
				CLANG_WARN_CONSTANT_CONVERSION = YES;
				CLANG_WARN_DEPRECATED_OBJC_IMPLEMENTATIONS = YES;
				CLANG_WARN_DIRECT_OBJC_ISA_USAGE = YES_ERROR;
				CLANG_WARN_DOCUMENTATION_COMMENTS = YES;
				CLANG_WARN_EMPTY_BODY = YES;
				CLANG_WARN_ENUM_CONVERSION = YES;
				CLANG_WARN_INFINITE_RECURSION = YES;
				CLANG_WARN_INT_CONVERSION = YES;
				CLANG_WARN_NON_LITERAL_NULL_CONVERSION = YES;
				CLANG_WARN_OBJC_IMPLICIT_RETAIN_SELF = YES;
				CLANG_WARN_OBJC_LITERAL_CONVERSION = YES;
				CLANG_WARN_OBJC_ROOT_CLASS = YES_ERROR;
				CLANG_WARN_QUOTED_INCLUDE_IN_FRAMEWORK_HEADER = YES;
				CLANG_WARN_RANGE_LOOP_ANALYSIS = YES;
				CLANG_WARN_STRICT_PROTOTYPES = YES;
				CLANG_WARN_SUSPICIOUS_MOVE = YES;
				CLANG_WARN_UNGUARDED_AVAILABILITY = YES_AGGRESSIVE;
				CLANG_WARN_UNREACHABLE_CODE = YES;
				CLANG_WARN__DUPLICATE_METHOD_MATCH = YES;
				COPY_PHASE_STRIP = NO;
				DEBUG_INFORMATION_FORMAT = "dwarf-with-dsym";
				ENABLE_NS_ASSERTIONS = NO;
				ENABLE_STRICT_OBJC_MSGSEND = YES;
				ENABLE_USER_SCRIPT_SANDBOXING = YES;
				GCC_C_LANGUAGE_STANDARD = gnu17;
				GCC_NO_COMMON_BLOCKS = YES;
				GCC_WARN_64_TO_32_BIT_CONVERSION = YES;
				GCC_WARN_ABOUT_RETURN_TYPE = YES_ERROR;
				GCC_WARN_UNDECLARED_SELECTOR = YES;
				GCC_WARN_UNINITIALIZED_AUTOS = YES_AGGRESSIVE;
				GCC_WARN_UNUSED_FUNCTION = YES;
				GCC_WARN_UNUSED_VARIABLE = YES;
				IPHONEOS_DEPLOYMENT_TARGET = 17.0;
				LOCALIZATION_PREFERS_STRING_CATALOGS = YES;
				MTL_ENABLE_DEBUG_INFO = NO;
				MTL_FAST_MATH = YES;
				SDKROOT = iphoneos;
				SWIFT_COMPILATION_MODE = wholemodule;
				VALIDATE_PRODUCT = YES;
			};
			name = Release;
		};
		1807E99F2B52655D00F06827 /* Debug */ = {
			isa = XCBuildConfiguration;
			buildSettings = {
				ASSETCATALOG_COMPILER_APPICON_NAME = AppIcon;
				ASSETCATALOG_COMPILER_GLOBAL_ACCENT_COLOR_NAME = AccentColor;
				CODE_SIGN_STYLE = Automatic;
				CURRENT_PROJECT_VERSION = 1;
				DEVELOPMENT_ASSET_PATHS = "\"CinigryElite/Preview Content\"";
				ENABLE_PREVIEWS = YES;
				GENERATE_INFOPLIST_FILE = YES;
				INFOPLIST_KEY_UIApplicationSceneManifest_Generation = YES;
				INFOPLIST_KEY_UIApplicationSupportsIndirectInputEvents = YES;
				INFOPLIST_KEY_UILaunchScreen_Generation = YES;
				INFOPLIST_KEY_UISupportedInterfaceOrientations_iPad = "UIInterfaceOrientationPortrait UIInterfaceOrientationPortraitUpsideDown UIInterfaceOrientationLandscapeLeft UIInterfaceOrientationLandscapeRight";
				INFOPLIST_KEY_UISupportedInterfaceOrientations_iPhone = "UIInterfaceOrientationPortrait UIInterfaceOrientationLandscapeLeft UIInterfaceOrientationLandscapeRight";
				LD_RUNPATH_SEARCH_PATHS = (
					"$(inherited)",
					"@executable_path/Frameworks",
				);
				MARKETING_VERSION = 1.0;
				PRODUCT_BUNDLE_IDENTIFIER = com.jaya.CinigryElite;
				PRODUCT_NAME = "$(TARGET_NAME)";
				SWIFT_EMIT_LOC_STRINGS = YES;
				SWIFT_VERSION = 5.0;
				TARGETED_DEVICE_FAMILY = "1,2";
			};
			name = Debug;
		};
		1807E9A02B52655D00F06827 /* Release */ = {
			isa = XCBuildConfiguration;
			buildSettings = {
				ASSETCATALOG_COMPILER_APPICON_NAME = AppIcon;
				ASSETCATALOG_COMPILER_GLOBAL_ACCENT_COLOR_NAME = AccentColor;
				CODE_SIGN_STYLE = Automatic;
				CURRENT_PROJECT_VERSION = 1;
				DEVELOPMENT_ASSET_PATHS = "\"CinigryElite/Preview Content\"";
				ENABLE_PREVIEWS = YES;
				GENERATE_INFOPLIST_FILE = YES;
				INFOPLIST_KEY_UIApplicationSceneManifest_Generation = YES;
				INFOPLIST_KEY_UIApplicationSupportsIndirectInputEvents = YES;
				INFOPLIST_KEY_UILaunchScreen_Generation = YES;
				INFOPLIST_KEY_UISupportedInterfaceOrientations_iPad = "UIInterfaceOrientationPortrait UIInterfaceOrientationPortraitUpsideDown UIInterfaceOrientationLandscapeLeft UIInterfaceOrientationLandscapeRight";
				INFOPLIST_KEY_UISupportedInterfaceOrientations_iPhone = "UIInterfaceOrientationPortrait UIInterfaceOrientationLandscapeLeft UIInterfaceOrientationLandscapeRight";
				LD_RUNPATH_SEARCH_PATHS = (
					"$(inherited)",
					"@executable_path/Frameworks",
				);
				MARKETING_VERSION = 1.0;
				PRODUCT_BUNDLE_IDENTIFIER = com.jaya.CinigryElite;
				PRODUCT_NAME = "$(TARGET_NAME)";
				SWIFT_EMIT_LOC_STRINGS = YES;
				SWIFT_VERSION = 5.0;
				TARGETED_DEVICE_FAMILY = "1,2";
			};
			name = Release;
		};
/* End XCBuildConfiguration section */

/* Begin XCConfigurationList section */
		1807E98B2B52655B00F06827 /* Build configuration list for PBXProject "CinigryElite" */ = {
			isa = XCConfigurationList;
			buildConfigurations = (
				1807E99C2B52655D00F06827 /* Debug */,
				1807E99D2B52655D00F06827 /* Release */,
			);
			defaultConfigurationIsVisible = 0;
			defaultConfigurationName = Release;
		};
		1807E99E2B52655D00F06827 /* Build configuration list for PBXNativeTarget "CinigryElite" */ = {
			isa = XCConfigurationList;
			buildConfigurations = (
				1807E99F2B52655D00F06827 /* Debug */,
				1807E9A02B52655D00F06827 /* Release */,
			);
			defaultConfigurationIsVisible = 0;
			defaultConfigurationName = Release;
		};
/* End XCConfigurationList section */
	};
	rootObject = 1807E9882B52655B00F06827 /* Project object */;
}
